
Microsoft Visual Studio Solution File, Format Version 12.00
# Visual Studio Version 16
VisualStudioVersion = 16.0.30907.101
MinimumVisualStudioVersion = 10.0.40219.1
Project("{FAE04EC0-301F-11D3-BF4B-00C04F79EFBC}") = "Sol_Demo", "Sol_Demo\Sol_Demo.csproj", "{963B4119-3E9C-4223-AF83-73639C9EEDEB}"
EndProject
Global
	GlobalSection(SolutionConfigurationPlatforms) = preSolution
		Debug|Any CPU = Debug|Any CPU
		Release|Any CPU = Release|Any CPU
	EndGlobalSection
	GlobalSection(ProjectConfigurationPlatforms) = postSolution
		{963B4119-3E9C-4223-AF83-73639C9EEDEB}.Debug|Any CPU.ActiveCfg = Debug|Any CPU
		{963B4119-3E9C-4223-AF83-73639C9EEDEB}.Debug|Any CPU.Build.0 = Debug|Any CPU
		{963B4119-3E9C-4223-AF83-73639C9EEDEB}.Release|Any CPU.ActiveCfg = Release|Any CPU
		{963B4119-3E9C-4223-AF83-73639C9EEDEB}.Release|Any CPU.Build.0 = Release|Any CPU
	EndGlobalSection
	GlobalSection(SolutionProperties) = preSolution
		HideSolutionNode = FALSE
	EndGlobalSection
	GlobalSection(ExtensibilityGlobals) = postSolution
		SolutionGuid = {2C0DD0D5-20CD-4DCB-B236-5FF8A7F78343}
	EndGlobalSection
EndGlobal
